{
  "name": "agent-self-development",
  "version": "4.4.0",
  "lockfileVersion": 3,
  "requires": true,
  "packages": {
    "": {
      "name": "agent-self-development",
      "version": "4.4.0",
      "license": "MIT",
      "dependencies": {
        "@sinclair/typebox": "^0.34.49"
      },
      "engines": {
        "node": ">=18.0.0"
      }
    },
    "node_modules/@sinclair/typebox": {
      "version": "0.34.49",
      "resolved": "https://mirrors.cloud.tencent.com/npm/@sinclair/typebox/-/typebox-0.34.49.tgz",
      "integrity": "sha512-brySQQs7Jtn0joV8Xh9ZV/hZb9Ozb0pmazDIASBkYKCjXrXU3mpcFahmK/z4YDhGkQvP9mWJbVyahdtU5wQA+A==",
      "license": "MIT"
    }
  }
}
